
Microsoft Visual Studio Solution File, Format Version 12.00
# Visual Studio 15
VisualStudioVersion = 15.0.28307.271
MinimumVisualStudioVersion = 10.0.40219.1
Project("{FAE04EC0-301F-11D3-BF4B-00C04F79EFBC}") = "CircleFeature", "CircleFeature\CircleFeature.csproj", "{CC3BF130-1ADF-4644-AB46-15850B94262A}"
EndProject
Global
	GlobalSection(SolutionConfigurationPlatforms) = preSolution
		Debug|Any CPU = Debug|Any CPU
		Release|Any CPU = Release|Any CPU
	EndGlobalSection
	GlobalSection(ProjectConfigurationPlatforms) = postSolution
		{CC3BF130-1ADF-4644-AB46-15850B94262A}.Debug|Any CPU.ActiveCfg = Debug|Any CPU
		{CC3BF130-1ADF-4644-AB46-15850B94262A}.Debug|Any CPU.Build.0 = Debug|Any CPU
		{CC3BF130-1ADF-4644-AB46-15850B94262A}.Release|Any CPU.ActiveCfg = Release|Any CPU
		{CC3BF130-1ADF-4644-AB46-15850B94262A}.Release|Any CPU.Build.0 = Release|Any CPU
	EndGlobalSection
	GlobalSection(SolutionProperties) = preSolution
		HideSolutionNode = FALSE
	EndGlobalSection
	GlobalSection(ExtensibilityGlobals) = postSolution
		SolutionGuid = {ACA820C9-6859-463B-BD4E-F2D5B76F2D33}
	EndGlobalSection
EndGlobal
